// !$*UTF8*$!
{
	archiveVersion = 1;
	classes = {
	};
	objectVersion = 56;
	objects = {

/* Begin PBXBuildFile section */
		3356EEA82A69BE0C003FB107 /* AppDelegate.swift in Sources */ = {isa = PBXBuildFile; fileRef = 3356EEA72A69BE0C003FB107 /* AppDelegate.swift */; };
		3356EEAA2A69BE0C003FB107 /* SceneDelegate.swift in Sources */ = {isa = PBXBuildFile; fileRef = 3356EEA92A69BE0C003FB107 /* SceneDelegate.swift */; };
		3356EEAC2A69BE0C003FB107 /* ViewController.swift in Sources */ = {isa = PBXBuildFile; fileRef = 3356EEAB2A69BE0C003FB107 /* ViewController.swift */; };
		3356EEAF2A69BE0C003FB107 /* Main.storyboard in Resources */ = {isa = PBXBuildFile; fileRef = 3356EEAD2A69BE0C003FB107 /* Main.storyboard */; };
		3356EEB22A69BE0C003FB107 /* HodorKeyboard.xcdatamodeld in Sources */ = {isa = PBXBuildFile; fileRef = 3356EEB02A69BE0C003FB107 /* HodorKeyboard.xcdatamodeld */; };
		3356EEB42A69BE0D003FB107 /* Assets.xcassets in Resources */ = {isa = PBXBuildFile; fileRef = 3356EEB32A69BE0D003FB107 /* Assets.xcassets */; };
		3356EEB72A69BE0D003FB107 /* LaunchScreen.storyboard in Resources */ = {isa = PBXBuildFile; fileRef = 3356EEB52A69BE0D003FB107 /* LaunchScreen.storyboard */; };
		3356EEC52A69BF09003FB107 /* KeyboardViewController.swift in Sources */ = {isa = PBXBuildFile; fileRef = 3356EEC42A69BF09003FB107 /* KeyboardViewController.swift */; };
		3356EEC92A69BF09003FB107 /* Hodor.appex in Embed Foundation Extensions */ = {isa = PBXBuildFile; fileRef = 3356EEC22A69BF09003FB107 /* Hodor.appex */; settings = {ATTRIBUTES = (RemoveHeadersOnCopy, ); }; };
		3356EED12A69C21C003FB107 /* hodor.png in Resources */ = {isa = PBXBuildFile; fileRef = 3356EED02A69C21C003FB107 /* hodor.png */; };
/* End PBXBuildFile section */

/* Begin PBXContainerItemProxy section */
		3356EEC72A69BF09003FB107 /* PBXContainerItemProxy */ = {
			isa = PBXContainerItemProxy;
			containerPortal = 3356EE9C2A69BE0C003FB107 /* Project object */;
			proxyType = 1;
			remoteGlobalIDString = 3356EEC12A69BF09003FB107;
			remoteInfo = Hodor;
		};
/* End PBXContainerItemProxy section */

/* Begin PBXCopyFilesBuildPhase section */
		3356EECD2A69BF09003FB107 /* Embed Foundation Extensions */ = {
			isa = PBXCopyFilesBuildPhase;
			buildActionMask = 2147483647;
			dstPath = "";
			dstSubfolderSpec = 13;
			files = (
				3356EEC92A69BF09003FB107 /* Hodor.appex in Embed Foundation Extensions */,
			);
			name = "Embed Foundation Extensions";
			runOnlyForDeploymentPostprocessing = 0;
		};
/* End PBXCopyFilesBuildPhase section */

/* Begin PBXFileReference section */
		3356EEA42A69BE0C003FB107 /* HodorKeyboard.app */ = {isa = PBXFileReference; explicitFileType = wrapper.application; includeInIndex = 0; path = HodorKeyboard.app; sourceTree = BUILT_PRODUCTS_DIR; };
		3356EEA72A69BE0C003FB107 /* AppDelegate.swift */ = {isa = PBXFileReference; lastKnownFileType = sourcecode.swift; path = AppDelegate.swift; sourceTree = "<group>"; };
		3356EEA92A69BE0C003FB107 /* SceneDelegate.swift */ = {isa = PBXFileReference; lastKnownFileType = sourcecode.swift; path = SceneDelegate.swift; sourceTree = "<group>"; };
		3356EEAB2A69BE0C003FB107 /* ViewController.swift */ = {isa = PBXFileReference; lastKnownFileType = sourcecode.swift; path = ViewController.swift; sourceTree = "<group>"; };
		3356EEAE2A69BE0C003FB107 /* Base */ = {isa = PBXFileReference; lastKnownFileType = file.storyboard; name = Base; path = Base.lproj/Main.storyboard; sourceTree = "<group>"; };
		3356EEB12A69BE0C003FB107 /* HodorKeyboard.xcdatamodel */ = {isa = PBXFileReference; lastKnownFileType = wrapper.xcdatamodel; path = HodorKeyboard.xcdatamodel; sourceTree = "<group>"; };
		3356EEB32A69BE0D003FB107 /* Assets.xcassets */ = {isa = PBXFileReference; lastKnownFileType = folder.assetcatalog; path = Assets.xcassets; sourceTree = "<group>"; };
		3356EEB62A69BE0D003FB107 /* Base */ = {isa = PBXFileReference; lastKnownFileType = file.storyboard; name = Base; path = Base.lproj/LaunchScreen.storyboard; sourceTree = "<group>"; };
		3356EEB82A69BE0D003FB107 /* Info.plist */ = {isa = PBXFileReference; lastKnownFileType = text.plist.xml; path = Info.plist; sourceTree = "<group>"; };
		3356EEC22A69BF09003FB107 /* Hodor.appex */ = {isa = PBXFileReference; explicitFileType = "wrapper.app-extension"; includeInIndex = 0; path = Hodor.appex; sourceTree = BUILT_PRODUCTS_DIR; };
		3356EEC42A69BF09003FB107 /* KeyboardViewController.swift */ = {isa = PBXFileReference; lastKnownFileType = sourcecode.swift; path = KeyboardViewController.swift; sourceTree = "<group>"; };
		3356EEC62A69BF09003FB107 /* Info.plist */ = {isa = PBXFileReference; lastKnownFileType = text.plist.xml; path = Info.plist; sourceTree = "<group>"; };
		3356EED02A69C21C003FB107 /* hodor.png */ = {isa = PBXFileReference; lastKnownFileType = image.png; name = hodor.png; path = ../../../../Downloads/Downloads/hodor.png; sourceTree = "<group>"; };
/* End PBXFileReference section */

/* Begin PBXFrameworksBuildPhase section */
		3356EEA12A69BE0C003FB107 /* Frameworks */ = {
			isa = PBXFrameworksBuildPhase;
			buildActionMask = 2147483647;
			files = (
			);
			runOnlyForDeploymentPostprocessing = 0;
		};
		3356EEBF2A69BF09003FB107 /* Frameworks */ = {
			isa = PBXFrameworksBuildPhase;
			buildActionMask = 2147483647;
			files = (
			);
			runOnlyForDeploymentPostprocessing = 0;
		};
/* End PBXFrameworksBuildPhase section */

/* Begin PBXGroup section */
		3356EE9B2A69BE0C003FB107 = {
			isa = PBXGroup;
			children = (
				3356EEA62A69BE0C003FB107 /* HodorKeyboard */,
				3356EEC32A69BF09003FB107 /* Hodor */,
				3356EEA52A69BE0C003FB107 /* Products */,
			);
			sourceTree = "<group>";
		};
		3356EEA52A69BE0C003FB107 /* Products */ = {
			isa = PBXGroup;
			children = (
				3356EEA42A69BE0C003FB107 /* HodorKeyboard.app */,
				3356EEC22A69BF09003FB107 /* Hodor.appex */,
			);
			name = Products;
			sourceTree = "<group>";
		};
		3356EEA62A69BE0C003FB107 /* HodorKeyboard */ = {
			isa = PBXGroup;
			children = (
				3356EEA72A69BE0C003FB107 /* AppDelegate.swift */,
				3356EEA92A69BE0C003FB107 /* SceneDelegate.swift */,
				3356EEAB2A69BE0C003FB107 /* ViewController.swift */,
				3356EEAD2A69BE0C003FB107 /* Main.storyboard */,
				3356EEB32A69BE0D003FB107 /* Assets.xcassets */,
				3356EEB52A69BE0D003FB107 /* LaunchScreen.storyboard */,
				3356EEB82A69BE0D003FB107 /* Info.plist */,
				3356EEB02A69BE0C003FB107 /* HodorKeyboard.xcdatamodeld */,
			);
			path = HodorKeyboard;
			sourceTree = "<group>";
		};
		3356EEC32A69BF09003FB107 /* Hodor */ = {
			isa = PBXGroup;
			children = (
				3356EED02A69C21C003FB107 /* hodor.png */,
				3356EEC42A69BF09003FB107 /* KeyboardViewController.swift */,
				3356EEC62A69BF09003FB107 /* Info.plist */,
			);
			path = Hodor;
			sourceTree = "<group>";
		};
/* End PBXGroup section */

/* Begin PBXNativeTarget section */
		3356EEA32A69BE0C003FB107 /* HodorKeyboard */ = {
			isa = PBXNativeTarget;
			buildConfigurationList = 3356EEBB2A69BE0D003FB107 /* Build configuration list for PBXNativeTarget "HodorKeyboard" */;
			buildPhases = (
				3356EEA02A69BE0C003FB107 /* Sources */,
				3356EEA12A69BE0C003FB107 /* Frameworks */,
				3356EEA22A69BE0C003FB107 /* Resources */,
				3356EECD2A69BF09003FB107 /* Embed Foundation Extensions */,
			);
			buildRules = (
			);
			dependencies = (
				3356EEC82A69BF09003FB107 /* PBXTargetDependency */,
			);
			name = HodorKeyboard;
			productName = HodorKeyboard;
			productReference = 3356EEA42A69BE0C003FB107 /* HodorKeyboard.app */;
			productType = "com.apple.product-type.application";
		};
		3356EEC12A69BF09003FB107 /* Hodor */ = {
			isa = PBXNativeTarget;
			buildConfigurationList = 3356EECA2A69BF09003FB107 /* Build configuration list for PBXNativeTarget "Hodor" */;
			buildPhases = (
				3356EEBE2A69BF09003FB107 /* Sources */,
				3356EEBF2A69BF09003FB107 /* Frameworks */,
				3356EEC02A69BF09003FB107 /* Resources */,
			);
			buildRules = (
			);
			dependencies = (
			);
			name = Hodor;
			productName = Hodor;
			productReference = 3356EEC22A69BF09003FB107 /* Hodor.appex */;
			productType = "com.apple.product-type.app-extension";
		};
/* End PBXNativeTarget section */

/* Begin PBXProject section */
		3356EE9C2A69BE0C003FB107 /* Project object */ = {
			isa = PBXProject;
			attributes = {
				BuildIndependentTargetsInParallel = 1;
				LastSwiftUpdateCheck = 1430;
				LastUpgradeCheck = 1430;
				TargetAttributes = {
					3356EEA32A69BE0C003FB107 = {
						CreatedOnToolsVersion = 14.3;
					};
					3356EEC12A69BF09003FB107 = {
						CreatedOnToolsVersion = 14.3;
					};
				};
			};
			buildConfigurationList = 3356EE9F2A69BE0C003FB107 /* Build configuration list for PBXProject "HodorKeyboard" */;
			compatibilityVersion = "Xcode 14.0";
			developmentRegion = en;
			hasScannedForEncodings = 0;
			knownRegions = (
				en,
				Base,
			);
			mainGroup = 3356EE9B2A69BE0C003FB107;
			productRefGroup = 3356EEA52A69BE0C003FB107 /* Products */;
			projectDirPath = "";
			projectRoot = "";
			targets = (
				3356EEA32A69BE0C003FB107 /* HodorKeyboard */,
				3356EEC12A69BF09003FB107 /* Hodor */,
			);
		};
/* End PBXProject section */

/* Begin PBXResourcesBuildPhase section */
		3356EEA22A69BE0C003FB107 /* Resources */ = {
			isa = PBXResourcesBuildPhase;
			buildActionMask = 2147483647;
			files = (
				3356EEB72A69BE0D003FB107 /* LaunchScreen.storyboard in Resources */,
				3356EEB42A69BE0D003FB107 /* Assets.xcassets in Resources */,
				3356EEAF2A69BE0C003FB107 /* Main.storyboard in Resources */,
			);
			runOnlyForDeploymentPostprocessing = 0;
		};
		3356EEC02A69BF09003FB107 /* Resources */ = {
			isa = PBXResourcesBuildPhase;
			buildActionMask = 2147483647;
			files = (
				3356EED12A69C21C003FB107 /* hodor.png in Resources */,
			);
			runOnlyForDeploymentPostprocessing = 0;
		};
/* End PBXResourcesBuildPhase section */

/* Begin PBXSourcesBuildPhase section */
		3356EEA02A69BE0C003FB107 /* Sources */ = {
			isa = PBXSourcesBuildPhase;
			buildActionMask = 2147483647;
			files = (
				3356EEAC2A69BE0C003FB107 /* ViewController.swift in Sources */,
				3356EEA82A69BE0C003FB107 /* AppDelegate.swift in Sources */,
				3356EEAA2A69BE0C003FB107 /* SceneDelegate.swift in Sources */,
				3356EEB22A69BE0C003FB107 /* HodorKeyboard.xcdatamodeld in Sources */,
			);
			runOnlyForDeploymentPostprocessing = 0;
		};
		3356EEBE2A69BF09003FB107 /* Sources */ = {
			isa = PBXSourcesBuildPhase;
			buildActionMask = 2147483647;
			files = (
				3356EEC52A69BF09003FB107 /* KeyboardViewController.swift in Sources */,
			);
			runOnlyForDeploymentPostprocessing = 0;
		};
/* End PBXSourcesBuildPhase section */

/* Begin PBXTargetDependency section */
		3356EEC82A69BF09003FB107 /* PBXTargetDependency */ = {
			isa = PBXTargetDependency;
			target = 3356EEC12A69BF09003FB107 /* Hodor */;
			targetProxy = 3356EEC72A69BF09003FB107 /* PBXContainerItemProxy */;
		};
/* End PBXTargetDependency section */

/* Begin PBXVariantGroup section */
		3356EEAD2A69BE0C003FB107 /* Main.storyboard */ = {
			isa = PBXVariantGroup;
			children = (
				3356EEAE2A69BE0C003FB107 /* Base */,
			);
			name = Main.storyboard;
			sourceTree = "<group>";
		};
		3356EEB52A69BE0D003FB107 /* LaunchScreen.storyboard */ = {
			isa = PBXVariantGroup;
			children = (
				3356EEB62A69BE0D003FB107 /* Base */,
			);
			name = LaunchScreen.storyboard;
			sourceTree = "<group>";
		};
/* End PBXVariantGroup section */

/* Begin XCBuildConfiguration section */
		3356EEB92A69BE0D003FB107 /* Debug */ = {
			isa = XCBuildConfiguration;
			buildSettings = {
				ALWAYS_SEARCH_USER_PATHS = NO;
				CLANG_ANALYZER_NONNULL = YES;
				CLANG_ANALYZER_NUMBER_OBJECT_CONVERSION = YES_AGGRESSIVE;
				CLANG_CXX_LANGUAGE_STANDARD = "gnu++20";
				CLANG_ENABLE_MODULES = YES;
				CLANG_ENABLE_OBJC_ARC = YES;
				CLANG_ENABLE_OBJC_WEAK = YES;
				CLANG_WARN_BLOCK_CAPTURE_AUTORELEASING = YES;
				CLANG_WARN_BOOL_CONVERSION = YES;
				CLANG_WARN_COMMA = YES;
				CLANG_WARN_CONSTANT_CONVERSION = YES;
				CLANG_WARN_DEPRECATED_OBJC_IMPLEMENTATIONS = YES;
				CLANG_WARN_DIRECT_OBJC_ISA_USAGE = YES_ERROR;
				CLANG_WARN_DOCUMENTATION_COMMENTS = YES;
				CLANG_WARN_EMPTY_BODY = YES;
				CLANG_WARN_ENUM_CONVERSION = YES;
				CLANG_WARN_INFINITE_RECURSION = YES;
				CLANG_WARN_INT_CONVERSION = YES;
				CLANG_WARN_NON_LITERAL_NULL_CONVERSION = YES;
				CLANG_WARN_OBJC_IMPLICIT_RETAIN_SELF = YES;
				CLANG_WARN_OBJC_LITERAL_CONVERSION = YES;
				CLANG_WARN_OBJC_ROOT_CLASS = YES_ERROR;
				CLANG_WARN_QUOTED_INCLUDE_IN_FRAMEWORK_HEADER = YES;
				CLANG_WARN_RANGE_LOOP_ANALYSIS = YES;
				CLANG_WARN_STRICT_PROTOTYPES = YES;
				CLANG_WARN_SUSPICIOUS_MOVE = YES;
				CLANG_WARN_UNGUARDED_AVAILABILITY = YES_AGGRESSIVE;
				CLANG_WARN_UNREACHABLE_CODE = YES;
				CLANG_WARN__DUPLICATE_METHOD_MATCH = YES;
				COPY_PHASE_STRIP = NO;
				DEBUG_INFORMATION_FORMAT = dwarf;
				ENABLE_STRICT_OBJC_MSGSEND = YES;
				ENABLE_TESTABILITY = YES;
				GCC_C_LANGUAGE_STANDARD = gnu11;
				GCC_DYNAMIC_NO_PIC = NO;
				GCC_NO_COMMON_BLOCKS = YES;
				GCC_OPTIMIZATION_LEVEL = 0;
				GCC_PREPROCESSOR_DEFINITIONS = (
					"DEBUG=1",
					"$(inherited)",
				);
				GCC_WARN_64_TO_32_BIT_CONVERSION = YES;
				GCC_WARN_ABOUT_RETURN_TYPE = YES_ERROR;
				GCC_WARN_UNDECLARED_SELECTOR = YES;
				GCC_WARN_UNINITIALIZED_AUTOS = YES_AGGRESSIVE;
				GCC_WARN_UNUSED_FUNCTION = YES;
				GCC_WARN_UNUSED_VARIABLE = YES;
				IPHONEOS_DEPLOYMENT_TARGET = 16.4;
				MTL_ENABLE_DEBUG_INFO = INCLUDE_SOURCE;
				MTL_FAST_MATH = YES;
				ONLY_ACTIVE_ARCH = YES;
				SDKROOT = iphoneos;
				SWIFT_ACTIVE_COMPILATION_CONDITIONS = DEBUG;
				SWIFT_OPTIMIZATION_LEVEL = "-Onone";
			};
			name = Debug;
		};
		3356EEBA2A69BE0D003FB107 /* Release */ = {
			isa = XCBuildConfiguration;
			buildSettings = {
				ALWAYS_SEARCH_USER_PATHS = NO;
				CLANG_ANALYZER_NONNULL = YES;
				CLANG_ANALYZER_NUMBER_OBJECT_CONVERSION = YES_AGGRESSIVE;
				CLANG_CXX_LANGUAGE_STANDARD = "gnu++20";
				CLANG_ENABLE_MODULES = YES;
				CLANG_ENABLE_OBJC_ARC = YES;
				CLANG_ENABLE_OBJC_WEAK = YES;
				CLANG_WARN_BLOCK_CAPTURE_AUTORELEASING = YES;
				CLANG_WARN_BOOL_CONVERSION = YES;
				CLANG_WARN_COMMA = YES;
				CLANG_WARN_CONSTANT_CONVERSION = YES;
				CLANG_WARN_DEPRECATED_OBJC_IMPLEMENTATIONS = YES;
				CLANG_WARN_DIRECT_OBJC_ISA_USAGE = YES_ERROR;
				CLANG_WARN_DOCUMENTATION_COMMENTS = YES;
				CLANG_WARN_EMPTY_BODY = YES;
				CLANG_WARN_ENUM_CONVERSION = YES;
				CLANG_WARN_INFINITE_RECURSION = YES;
				CLANG_WARN_INT_CONVERSION = YES;
				CLANG_WARN_NON_LITERAL_NULL_CONVERSION = YES;
				CLANG_WARN_OBJC_IMPLICIT_RETAIN_SELF = YES;
				CLANG_WARN_OBJC_LITERAL_CONVERSION = YES;
				CLANG_WARN_OBJC_ROOT_CLASS = YES_ERROR;
				CLANG_WARN_QUOTED_INCLUDE_IN_FRAMEWORK_HEADER = YES;
				CLANG_WARN_RANGE_LOOP_ANALYSIS = YES;
				CLANG_WARN_STRICT_PROTOTYPES = YES;
				CLANG_WARN_SUSPICIOUS_MOVE = YES;
				CLANG_WARN_UNGUARDED_AVAILABILITY = YES_AGGRESSIVE;
				CLANG_WARN_UNREACHABLE_CODE = YES;
				CLANG_WARN__DUPLICATE_METHOD_MATCH = YES;
				COPY_PHASE_STRIP = NO;
				DEBUG_INFORMATION_FORMAT = "dwarf-with-dsym";
				ENABLE_NS_ASSERTIONS = NO;
				ENABLE_STRICT_OBJC_MSGSEND = YES;
				GCC_C_LANGUAGE_STANDARD = gnu11;
				GCC_NO_COMMON_BLOCKS = YES;
				GCC_WARN_64_TO_32_BIT_CONVERSION = YES;
				GCC_WARN_ABOUT_RETURN_TYPE = YES_ERROR;
				GCC_WARN_UNDECLARED_SELECTOR = YES;
				GCC_WARN_UNINITIALIZED_AUTOS = YES_AGGRESSIVE;
				GCC_WARN_UNUSED_FUNCTION = YES;
				GCC_WARN_UNUSED_VARIABLE = YES;
				IPHONEOS_DEPLOYMENT_TARGET = 16.4;
				MTL_ENABLE_DEBUG_INFO = NO;
				MTL_FAST_MATH = YES;
				SDKROOT = iphoneos;
				SWIFT_COMPILATION_MODE = wholemodule;
				SWIFT_OPTIMIZATION_LEVEL = "-O";
				VALIDATE_PRODUCT = YES;
			};
			name = Release;
		};
		3356EEBC2A69BE0D003FB107 /* Debug */ = {
			isa = XCBuildConfiguration;
			buildSettings = {
				ALWAYS_EMBED_SWIFT_STANDARD_LIBRARIES = YES;
				ASSETCATALOG_COMPILER_APPICON_NAME = AppIcon;
				ASSETCATALOG_COMPILER_GLOBAL_ACCENT_COLOR_NAME = AccentColor;
				CODE_SIGN_STYLE = Automatic;
				CURRENT_PROJECT_VERSION = 1;
				DEVELOPMENT_TEAM = 7J389498UZ;
				GENERATE_INFOPLIST_FILE = YES;
				INFOPLIST_FILE = HodorKeyboard/Info.plist;
				INFOPLIST_KEY_UIApplicationSupportsIndirectInputEvents = YES;
				INFOPLIST_KEY_UILaunchStoryboardName = LaunchScreen;
				INFOPLIST_KEY_UIMainStoryboardFile = Main;
				INFOPLIST_KEY_UISupportedInterfaceOrientations_iPad = "UIInterfaceOrientationPortrait UIInterfaceOrientationPortraitUpsideDown UIInterfaceOrientationLandscapeLeft UIInterfaceOrientationLandscapeRight";
				INFOPLIST_KEY_UISupportedInterfaceOrientations_iPhone = "UIInterfaceOrientationPortrait UIInterfaceOrientationLandscapeLeft UIInterfaceOrientationLandscapeRight";
				LD_RUNPATH_SEARCH_PATHS = (
					"$(inherited)",
					"@executable_path/Frameworks",
				);
				MARKETING_VERSION = 1.0;
				PRODUCT_BUNDLE_IDENTIFIER = com.dogukankucukler.HodorKeyboard;
				PRODUCT_NAME = "$(TARGET_NAME)";
				SWIFT_EMIT_LOC_STRINGS = YES;
				SWIFT_VERSION = 5.0;
				TARGETED_DEVICE_FAMILY = "1,2";
			};
			name = Debug;
		};
		3356EEBD2A69BE0D003FB107 /* Release */ = {
			isa = XCBuildConfiguration;
			buildSettings = {
				ALWAYS_EMBED_SWIFT_STANDARD_LIBRARIES = YES;
				ASSETCATALOG_COMPILER_APPICON_NAME = AppIcon;
				ASSETCATALOG_COMPILER_GLOBAL_ACCENT_COLOR_NAME = AccentColor;
				CODE_SIGN_STYLE = Automatic;
				CURRENT_PROJECT_VERSION = 1;
				DEVELOPMENT_TEAM = 7J389498UZ;
				GENERATE_INFOPLIST_FILE = YES;
				INFOPLIST_FILE = HodorKeyboard/Info.plist;
				INFOPLIST_KEY_UIApplicationSupportsIndirectInputEvents = YES;
				INFOPLIST_KEY_UILaunchStoryboardName = LaunchScreen;
				INFOPLIST_KEY_UIMainStoryboardFile = Main;
				INFOPLIST_KEY_UISupportedInterfaceOrientations_iPad = "UIInterfaceOrientationPortrait UIInterfaceOrientationPortraitUpsideDown UIInterfaceOrientationLandscapeLeft UIInterfaceOrientationLandscapeRight";
				INFOPLIST_KEY_UISupportedInterfaceOrientations_iPhone = "UIInterfaceOrientationPortrait UIInterfaceOrientationLandscapeLeft UIInterfaceOrientationLandscapeRight";
				LD_RUNPATH_SEARCH_PATHS = (
					"$(inherited)",
					"@executable_path/Frameworks",
				);
				MARKETING_VERSION = 1.0;
				PRODUCT_BUNDLE_IDENTIFIER = com.dogukankucukler.HodorKeyboard;
				PRODUCT_NAME = "$(TARGET_NAME)";
				SWIFT_EMIT_LOC_STRINGS = YES;
				SWIFT_VERSION = 5.0;
				TARGETED_DEVICE_FAMILY = "1,2";
			};
			name = Release;
		};
		3356EECB2A69BF09003FB107 /* Debug */ = {
			isa = XCBuildConfiguration;
			buildSettings = {
				CODE_SIGN_STYLE = Automatic;
				CURRENT_PROJECT_VERSION = 1;
				DEVELOPMENT_TEAM = 7J389498UZ;
				GENERATE_INFOPLIST_FILE = YES;
				INFOPLIST_FILE = Hodor/Info.plist;
				INFOPLIST_KEY_CFBundleDisplayName = Hodor;
				INFOPLIST_KEY_NSHumanReadableCopyright = "";
				LD_RUNPATH_SEARCH_PATHS = (
					"$(inherited)",
					"@executable_path/Frameworks",
					"@executable_path/../../Frameworks",
				);
				MARKETING_VERSION = 1.0;
				PRODUCT_BUNDLE_IDENTIFIER = com.dogukankucukler.HodorKeyboard.Hodor;
				PRODUCT_NAME = "$(TARGET_NAME)";
				SKIP_INSTALL = YES;
				SWIFT_EMIT_LOC_STRINGS = YES;
				SWIFT_VERSION = 5.0;
				TARGETED_DEVICE_FAMILY = "1,2";
			};
			name = Debug;
		};
		3356EECC2A69BF09003FB107 /* Release */ = {
			isa = XCBuildConfiguration;
			buildSettings = {
				CODE_SIGN_STYLE = Automatic;
				CURRENT_PROJECT_VERSION = 1;
				DEVELOPMENT_TEAM = 7J389498UZ;
				GENERATE_INFOPLIST_FILE = YES;
				INFOPLIST_FILE = Hodor/Info.plist;
				INFOPLIST_KEY_CFBundleDisplayName = Hodor;
				INFOPLIST_KEY_NSHumanReadableCopyright = "";
				LD_RUNPATH_SEARCH_PATHS = (
					"$(inherited)",
					"@executable_path/Frameworks",
					"@executable_path/../../Frameworks",
				);
				MARKETING_VERSION = 1.0;
				PRODUCT_BUNDLE_IDENTIFIER = com.dogukankucukler.HodorKeyboard.Hodor;
				PRODUCT_NAME = "$(TARGET_NAME)";
				SKIP_INSTALL = YES;
				SWIFT_EMIT_LOC_STRINGS = YES;
				SWIFT_VERSION = 5.0;
				TARGETED_DEVICE_FAMILY = "1,2";
			};
			name = Release;
		};
/* End XCBuildConfiguration section */

/* Begin XCConfigurationList section */
		3356EE9F2A69BE0C003FB107 /* Build configuration list for PBXProject "HodorKeyboard" */ = {
			isa = XCConfigurationList;
			buildConfigurations = (
				3356EEB92A69BE0D003FB107 /* Debug */,
				3356EEBA2A69BE0D003FB107 /* Release */,
			);
			defaultConfigurationIsVisible = 0;
			defaultConfigurationName = Release;
		};
		3356EEBB2A69BE0D003FB107 /* Build configuration list for PBXNativeTarget "HodorKeyboard" */ = {
			isa = XCConfigurationList;
			buildConfigurations = (
				3356EEBC2A69BE0D003FB107 /* Debug */,
				3356EEBD2A69BE0D003FB107 /* Release */,
			);
			defaultConfigurationIsVisible = 0;
			defaultConfigurationName = Release;
		};
		3356EECA2A69BF09003FB107 /* Build configuration list for PBXNativeTarget "Hodor" */ = {
			isa = XCConfigurationList;
			buildConfigurations = (
				3356EECB2A69BF09003FB107 /* Debug */,
				3356EECC2A69BF09003FB107 /* Release */,
			);
			defaultConfigurationIsVisible = 0;
			defaultConfigurationName = Release;
		};
/* End XCConfigurationList section */

/* Begin XCVersionGroup section */
		3356EEB02A69BE0C003FB107 /* HodorKeyboard.xcdatamodeld */ = {
			isa = XCVersionGroup;
			children = (
				3356EEB12A69BE0C003FB107 /* HodorKeyboard.xcdatamodel */,
			);
			currentVersion = 3356EEB12A69BE0C003FB107 /* HodorKeyboard.xcdatamodel */;
			path = HodorKeyboard.xcdatamodeld;
			sourceTree = "<group>";
			versionGroupType = wrapper.xcdatamodel;
		};
/* End XCVersionGroup section */
	};
	rootObject = 3356EE9C2A69BE0C003FB107 /* Project object */;
}
